
Microsoft Visual Studio Solution File, Format Version 12.00
# Visual Studio 15
VisualStudioVersion = 15.0.26124.0
MinimumVisualStudioVersion = 15.0.26124.0
Project("{2150E333-8FDC-42A3-9474-1A3956D46DE8}") = ".paket", ".paket", "{D5B874D2-BE79-44FB-833C-B31FFDA481CA}"
	ProjectSection(SolutionItems) = preProject
		paket.dependencies = paket.dependencies
	EndProjectSection
EndProject
Project("{2150E333-8FDC-42A3-9474-1A3956D46DE8}") = "src", "src", "{8565C765-E15D-484B-BADF-EFC6EDC35964}"
EndProject
Project("{F2A71F9B-5D33-465A-A702-920D77279786}") = "Graph", "src\Graph\Graph.fsproj", "{3E754970-C4EF-4071-AE7C-EF464A279A86}"
EndProject
Project("{F2A71F9B-5D33-465A-A702-920D77279786}") = "Runner", "src\Runner\Runner.fsproj", "{C8F65DC9-CC79-4977-BEA6-E6F0D636FC0A}"
EndProject
Global
	GlobalSection(SolutionConfigurationPlatforms) = preSolution
		Debug|Any CPU = Debug|Any CPU
		Debug|x64 = Debug|x64
		Debug|x86 = Debug|x86
		Release|Any CPU = Release|Any CPU
		Release|x64 = Release|x64
		Release|x86 = Release|x86
	EndGlobalSection
	GlobalSection(SolutionProperties) = preSolution
		HideSolutionNode = FALSE
	EndGlobalSection
	GlobalSection(ProjectConfigurationPlatforms) = postSolution
		{3E754970-C4EF-4071-AE7C-EF464A279A86}.Debug|Any CPU.ActiveCfg = Debug|Any CPU
		{3E754970-C4EF-4071-AE7C-EF464A279A86}.Debug|Any CPU.Build.0 = Debug|Any CPU
		{3E754970-C4EF-4071-AE7C-EF464A279A86}.Debug|x64.ActiveCfg = Debug|Any CPU
		{3E754970-C4EF-4071-AE7C-EF464A279A86}.Debug|x64.Build.0 = Debug|Any CPU
		{3E754970-C4EF-4071-AE7C-EF464A279A86}.Debug|x86.ActiveCfg = Debug|Any CPU
		{3E754970-C4EF-4071-AE7C-EF464A279A86}.Debug|x86.Build.0 = Debug|Any CPU
		{3E754970-C4EF-4071-AE7C-EF464A279A86}.Release|Any CPU.ActiveCfg = Release|Any CPU
		{3E754970-C4EF-4071-AE7C-EF464A279A86}.Release|Any CPU.Build.0 = Release|Any CPU
		{3E754970-C4EF-4071-AE7C-EF464A279A86}.Release|x64.ActiveCfg = Release|Any CPU
		{3E754970-C4EF-4071-AE7C-EF464A279A86}.Release|x64.Build.0 = Release|Any CPU
		{3E754970-C4EF-4071-AE7C-EF464A279A86}.Release|x86.ActiveCfg = Release|Any CPU
		{3E754970-C4EF-4071-AE7C-EF464A279A86}.Release|x86.Build.0 = Release|Any CPU
		{C8F65DC9-CC79-4977-BEA6-E6F0D636FC0A}.Debug|Any CPU.ActiveCfg = Debug|Any CPU
		{C8F65DC9-CC79-4977-BEA6-E6F0D636FC0A}.Debug|Any CPU.Build.0 = Debug|Any CPU
		{C8F65DC9-CC79-4977-BEA6-E6F0D636FC0A}.Debug|x64.ActiveCfg = Debug|Any CPU
		{C8F65DC9-CC79-4977-BEA6-E6F0D636FC0A}.Debug|x64.Build.0 = Debug|Any CPU
		{C8F65DC9-CC79-4977-BEA6-E6F0D636FC0A}.Debug|x86.ActiveCfg = Debug|Any CPU
		{C8F65DC9-CC79-4977-BEA6-E6F0D636FC0A}.Debug|x86.Build.0 = Debug|Any CPU
		{C8F65DC9-CC79-4977-BEA6-E6F0D636FC0A}.Release|Any CPU.ActiveCfg = Release|Any CPU
		{C8F65DC9-CC79-4977-BEA6-E6F0D636FC0A}.Release|Any CPU.Build.0 = Release|Any CPU
		{C8F65DC9-CC79-4977-BEA6-E6F0D636FC0A}.Release|x64.ActiveCfg = Release|Any CPU
		{C8F65DC9-CC79-4977-BEA6-E6F0D636FC0A}.Release|x64.Build.0 = Release|Any CPU
		{C8F65DC9-CC79-4977-BEA6-E6F0D636FC0A}.Release|x86.ActiveCfg = Release|Any CPU
		{C8F65DC9-CC79-4977-BEA6-E6F0D636FC0A}.Release|x86.Build.0 = Release|Any CPU
	EndGlobalSection
	GlobalSection(NestedProjects) = preSolution
		{3E754970-C4EF-4071-AE7C-EF464A279A86} = {8565C765-E15D-484B-BADF-EFC6EDC35964}
		{C8F65DC9-CC79-4977-BEA6-E6F0D636FC0A} = {8565C765-E15D-484B-BADF-EFC6EDC35964}
	EndGlobalSection
EndGlobal
